
Microsoft Visual Studio Solution File, Format Version 12.00
# Visual Studio 15
VisualStudioVersion = 15.0.28307.421
MinimumVisualStudioVersion = 10.0.40219.1
Project("{FAE04EC0-301F-11D3-BF4B-00C04F79EFBC}") = "Navigation.Android", "Navigation\Navigation.Android\Navigation.Android.csproj", "{24455B93-5BC3-4505-B652-E8A1D170EBB3}"
EndProject
Project("{FAE04EC0-301F-11D3-BF4B-00C04F79EFBC}") = "Navigation.iOS", "Navigation\Navigation.iOS\Navigation.iOS.csproj", "{955D89EC-A7A6-4D0C-9D52-92CFD63F70D7}"
EndProject
Project("{FAE04EC0-301F-11D3-BF4B-00C04F79EFBC}") = "Navigation.UWP", "Navigation\Navigation.UWP\Navigation.UWP.csproj", "{DD20CC01-5587-4C2D-8883-476A7878B012}"
EndProject
Project("{FAE04EC0-301F-11D3-BF4B-00C04F79EFBC}") = "Navigation", "Navigation\Navigation\Navigation.csproj", "{51CD20D3-3A3B-469F-B0F8-2B1567A58834}"
EndProject
Global
	GlobalSection(SolutionConfigurationPlatforms) = preSolution
		Ad-Hoc|Any CPU = Ad-Hoc|Any CPU
		Ad-Hoc|ARM = Ad-Hoc|ARM
		Ad-Hoc|iPhone = Ad-Hoc|iPhone
		Ad-Hoc|iPhoneSimulator = Ad-Hoc|iPhoneSimulator
		Ad-Hoc|x64 = Ad-Hoc|x64
		Ad-Hoc|x86 = Ad-Hoc|x86
		AppStore|Any CPU = AppStore|Any CPU
		AppStore|ARM = AppStore|ARM
		AppStore|iPhone = AppStore|iPhone
		AppStore|iPhoneSimulator = AppStore|iPhoneSimulator
		AppStore|x64 = AppStore|x64
		AppStore|x86 = AppStore|x86
		Debug|Any CPU = Debug|Any CPU
		Debug|ARM = Debug|ARM
		Debug|iPhone = Debug|iPhone
		Debug|iPhoneSimulator = Debug|iPhoneSimulator
		Debug|x64 = Debug|x64
		Debug|x86 = Debug|x86
		Release|Any CPU = Release|Any CPU
		Release|ARM = Release|ARM
		Release|iPhone = Release|iPhone
		Release|iPhoneSimulator = Release|iPhoneSimulator
		Release|x64 = Release|x64
		Release|x86 = Release|x86
	EndGlobalSection
	GlobalSection(ProjectConfigurationPlatforms) = postSolution
		{24455B93-5BC3-4505-B652-E8A1D170EBB3}.Ad-Hoc|Any CPU.ActiveCfg = Release|Any CPU
		{24455B93-5BC3-4505-B652-E8A1D170EBB3}.Ad-Hoc|Any CPU.Build.0 = Release|Any CPU
		{24455B93-5BC3-4505-B652-E8A1D170EBB3}.Ad-Hoc|Any CPU.Deploy.0 = Release|Any CPU
		{24455B93-5BC3-4505-B652-E8A1D170EBB3}.Ad-Hoc|ARM.ActiveCfg = Release|Any CPU
		{24455B93-5BC3-4505-B652-E8A1D170EBB3}.Ad-Hoc|ARM.Build.0 = Release|Any CPU
		{24455B93-5BC3-4505-B652-E8A1D170EBB3}.Ad-Hoc|ARM.Deploy.0 = Release|Any CPU
		{24455B93-5BC3-4505-B652-E8A1D170EBB3}.Ad-Hoc|iPhone.ActiveCfg = Release|Any CPU
		{24455B93-5BC3-4505-B652-E8A1D170EBB3}.Ad-Hoc|iPhone.Build.0 = Release|Any CPU
		{24455B93-5BC3-4505-B652-E8A1D170EBB3}.Ad-Hoc|iPhone.Deploy.0 = Release|Any CPU
		{24455B93-5BC3-4505-B652-E8A1D170EBB3}.Ad-Hoc|iPhoneSimulator.ActiveCfg = Release|Any CPU
		{24455B93-5BC3-4505-B652-E8A1D170EBB3}.Ad-Hoc|iPhoneSimulator.Build.0 = Release|Any CPU
		{24455B93-5BC3-4505-B652-E8A1D170EBB3}.Ad-Hoc|iPhoneSimulator.Deploy.0 = Release|Any CPU
		{24455B93-5BC3-4505-B652-E8A1D170EBB3}.Ad-Hoc|x64.ActiveCfg = Release|Any CPU
		{24455B93-5BC3-4505-B652-E8A1D170EBB3}.Ad-Hoc|x64.Build.0 = Release|Any CPU
		{24455B93-5BC3-4505-B652-E8A1D170EBB3}.Ad-Hoc|x64.Deploy.0 = Release|Any CPU
		{24455B93-5BC3-4505-B652-E8A1D170EBB3}.Ad-Hoc|x86.ActiveCfg = Release|Any CPU
		{24455B93-5BC3-4505-B652-E8A1D170EBB3}.Ad-Hoc|x86.Build.0 = Release|Any CPU
		{24455B93-5BC3-4505-B652-E8A1D170EBB3}.Ad-Hoc|x86.Deploy.0 = Release|Any CPU
		{24455B93-5BC3-4505-B652-E8A1D170EBB3}.AppStore|Any CPU.ActiveCfg = Release|Any CPU
		{24455B93-5BC3-4505-B652-E8A1D170EBB3}.AppStore|Any CPU.Build.0 = Release|Any CPU
		{24455B93-5BC3-4505-B652-E8A1D170EBB3}.AppStore|Any CPU.Deploy.0 = Release|Any CPU
		{24455B93-5BC3-4505-B652-E8A1D170EBB3}.AppStore|ARM.ActiveCfg = Release|Any CPU
		{24455B93-5BC3-4505-B652-E8A1D170EBB3}.AppStore|ARM.Build.0 = Release|Any CPU
		{24455B93-5BC3-4505-B652-E8A1D170EBB3}.AppStore|ARM.Deploy.0 = Release|Any CPU
		{24455B93-5BC3-4505-B652-E8A1D170EBB3}.AppStore|iPhone.ActiveCfg = Release|Any CPU
		{24455B93-5BC3-4505-B652-E8A1D170EBB3}.AppStore|iPhone.Build.0 = Release|Any CPU
		{24455B93-5BC3-4505-B652-E8A1D170EBB3}.AppStore|iPhone.Deploy.0 = Release|Any CPU
		{24455B93-5BC3-4505-B652-E8A1D170EBB3}.AppStore|iPhoneSimulator.ActiveCfg = Release|Any CPU
		{24455B93-5BC3-4505-B652-E8A1D170EBB3}.AppStore|iPhoneSimulator.Build.0 = Release|Any CPU
		{24455B93-5BC3-4505-B652-E8A1D170EBB3}.AppStore|iPhoneSimulator.Deploy.0 = Release|Any CPU
		{24455B93-5BC3-4505-B652-E8A1D170EBB3}.AppStore|x64.ActiveCfg = Release|Any CPU
		{24455B93-5BC3-4505-B652-E8A1D170EBB3}.AppStore|x64.Build.0 = Release|Any CPU
		{24455B93-5BC3-4505-B652-E8A1D170EBB3}.AppStore|x64.Deploy.0 = Release|Any CPU
		{24455B93-5BC3-4505-B652-E8A1D170EBB3}.AppStore|x86.ActiveCfg = Release|Any CPU
		{24455B93-5BC3-4505-B652-E8A1D170EBB3}.AppStore|x86.Build.0 = Release|Any CPU
		{24455B93-5BC3-4505-B652-E8A1D170EBB3}.AppStore|x86.Deploy.0 = Release|Any CPU
		{24455B93-5BC3-4505-B652-E8A1D170EBB3}.Debug|Any CPU.ActiveCfg = Debug|Any CPU
		{24455B93-5BC3-4505-B652-E8A1D170EBB3}.Debug|Any CPU.Build.0 = Debug|Any CPU
		{24455B93-5BC3-4505-B652-E8A1D170EBB3}.Debug|Any CPU.Deploy.0 = Debug|Any CPU
		{24455B93-5BC3-4505-B652-E8A1D170EBB3}.Debug|ARM.ActiveCfg = Debug|Any CPU
		{24455B93-5BC3-4505-B652-E8A1D170EBB3}.Debug|ARM.Build.0 = Debug|Any CPU
		{24455B93-5BC3-4505-B652-E8A1D170EBB3}.Debug|ARM.Deploy.0 = Debug|Any CPU
		{24455B93-5BC3-4505-B652-E8A1D170EBB3}.Debug|iPhone.ActiveCfg = Debug|Any CPU
		{24455B93-5BC3-4505-B652-E8A1D170EBB3}.Debug|iPhone.Build.0 = Debug|Any CPU
		{24455B93-5BC3-4505-B652-E8A1D170EBB3}.Debug|iPhone.Deploy.0 = Debug|Any CPU
		{24455B93-5BC3-4505-B652-E8A1D170EBB3}.Debug|iPhoneSimulator.ActiveCfg = Debug|Any CPU
		{24455B93-5BC3-4505-B652-E8A1D170EBB3}.Debug|iPhoneSimulator.Build.0 = Debug|Any CPU
		{24455B93-5BC3-4505-B652-E8A1D170EBB3}.Debug|iPhoneSimulator.Deploy.0 = Debug|Any CPU
		{24455B93-5BC3-4505-B652-E8A1D170EBB3}.Debug|x64.ActiveCfg = Debug|Any CPU
		{24455B93-5BC3-4505-B652-E8A1D170EBB3}.Debug|x64.Build.0 = Debug|Any CPU
		{24455B93-5BC3-4505-B652-E8A1D170EBB3}.Debug|x64.Deploy.0 = Debug|Any CPU
		{24455B93-5BC3-4505-B652-E8A1D170EBB3}.Debug|x86.ActiveCfg = Debug|Any CPU
		{24455B93-5BC3-4505-B652-E8A1D170EBB3}.Debug|x86.Build.0 = Debug|Any CPU
		{24455B93-5BC3-4505-B652-E8A1D170EBB3}.Debug|x86.Deploy.0 = Debug|Any CPU
		{24455B93-5BC3-4505-B652-E8A1D170EBB3}.Release|Any CPU.ActiveCfg = Release|Any CPU
		{24455B93-5BC3-4505-B652-E8A1D170EBB3}.Release|Any CPU.Build.0 = Release|Any CPU
		{24455B93-5BC3-4505-B652-E8A1D170EBB3}.Release|Any CPU.Deploy.0 = Release|Any CPU
		{24455B93-5BC3-4505-B652-E8A1D170EBB3}.Release|ARM.ActiveCfg = Release|Any CPU
		{24455B93-5BC3-4505-B652-E8A1D170EBB3}.Release|ARM.Build.0 = Release|Any CPU
		{24455B93-5BC3-4505-B652-E8A1D170EBB3}.Release|ARM.Deploy.0 = Release|Any CPU
		{24455B93-5BC3-4505-B652-E8A1D170EBB3}.Release|iPhone.ActiveCfg = Release|Any CPU
		{24455B93-5BC3-4505-B652-E8A1D170EBB3}.Release|iPhone.Build.0 = Release|Any CPU
		{24455B93-5BC3-4505-B652-E8A1D170EBB3}.Release|iPhone.Deploy.0 = Release|Any CPU
		{24455B93-5BC3-4505-B652-E8A1D170EBB3}.Release|iPhoneSimulator.ActiveCfg = Release|Any CPU
		{24455B93-5BC3-4505-B652-E8A1D170EBB3}.Release|iPhoneSimulator.Build.0 = Release|Any CPU
		{24455B93-5BC3-4505-B652-E8A1D170EBB3}.Release|iPhoneSimulator.Deploy.0 = Release|Any CPU
		{24455B93-5BC3-4505-B652-E8A1D170EBB3}.Release|x64.ActiveCfg = Release|Any CPU
		{24455B93-5BC3-4505-B652-E8A1D170EBB3}.Release|x64.Build.0 = Release|Any CPU
		{24455B93-5BC3-4505-B652-E8A1D170EBB3}.Release|x64.Deploy.0 = Release|Any CPU
		{24455B93-5BC3-4505-B652-E8A1D170EBB3}.Release|x86.ActiveCfg = Release|Any CPU
		{24455B93-5BC3-4505-B652-E8A1D170EBB3}.Release|x86.Build.0 = Release|Any CPU
		{24455B93-5BC3-4505-B652-E8A1D170EBB3}.Release|x86.Deploy.0 = Release|Any CPU
		{955D89EC-A7A6-4D0C-9D52-92CFD63F70D7}.Ad-Hoc|Any CPU.ActiveCfg = Ad-Hoc|iPhone
		{955D89EC-A7A6-4D0C-9D52-92CFD63F70D7}.Ad-Hoc|Any CPU.Build.0 = Ad-Hoc|iPhone
		{955D89EC-A7A6-4D0C-9D52-92CFD63F70D7}.Ad-Hoc|Any CPU.Deploy.0 = Ad-Hoc|iPhone
		{955D89EC-A7A6-4D0C-9D52-92CFD63F70D7}.Ad-Hoc|ARM.ActiveCfg = Ad-Hoc|iPhone
		{955D89EC-A7A6-4D0C-9D52-92CFD63F70D7}.Ad-Hoc|ARM.Build.0 = Ad-Hoc|iPhone
		{955D89EC-A7A6-4D0C-9D52-92CFD63F70D7}.Ad-Hoc|ARM.Deploy.0 = Ad-Hoc|iPhone
		{955D89EC-A7A6-4D0C-9D52-92CFD63F70D7}.Ad-Hoc|iPhone.ActiveCfg = Ad-Hoc|iPhone
		{955D89EC-A7A6-4D0C-9D52-92CFD63F70D7}.Ad-Hoc|iPhone.Build.0 = Ad-Hoc|iPhone
		{955D89EC-A7A6-4D0C-9D52-92CFD63F70D7}.Ad-Hoc|iPhone.Deploy.0 = Ad-Hoc|iPhone
		{955D89EC-A7A6-4D0C-9D52-92CFD63F70D7}.Ad-Hoc|iPhoneSimulator.ActiveCfg = Ad-Hoc|iPhoneSimulator
		{955D89EC-A7A6-4D0C-9D52-92CFD63F70D7}.Ad-Hoc|iPhoneSimulator.Build.0 = Ad-Hoc|iPhoneSimulator
		{955D89EC-A7A6-4D0C-9D52-92CFD63F70D7}.Ad-Hoc|iPhoneSimulator.Deploy.0 = Ad-Hoc|iPhoneSimulator
		{955D89EC-A7A6-4D0C-9D52-92CFD63F70D7}.Ad-Hoc|x64.ActiveCfg = Ad-Hoc|iPhone
		{955D89EC-A7A6-4D0C-9D52-92CFD63F70D7}.Ad-Hoc|x64.Build.0 = Ad-Hoc|iPhone
		{955D89EC-A7A6-4D0C-9D52-92CFD63F70D7}.Ad-Hoc|x64.Deploy.0 = Ad-Hoc|iPhone
		{955D89EC-A7A6-4D0C-9D52-92CFD63F70D7}.Ad-Hoc|x86.ActiveCfg = Ad-Hoc|iPhone
		{955D89EC-A7A6-4D0C-9D52-92CFD63F70D7}.Ad-Hoc|x86.Build.0 = Ad-Hoc|iPhone
		{955D89EC-A7A6-4D0C-9D52-92CFD63F70D7}.Ad-Hoc|x86.Deploy.0 = Ad-Hoc|iPhone
		{955D89EC-A7A6-4D0C-9D52-92CFD63F70D7}.AppStore|Any CPU.ActiveCfg = AppStore|iPhone
		{955D89EC-A7A6-4D0C-9D52-92CFD63F70D7}.AppStore|Any CPU.Build.0 = AppStore|iPhone
		{955D89EC-A7A6-4D0C-9D52-92CFD63F70D7}.AppStore|Any CPU.Deploy.0 = AppStore|iPhone
		{955D89EC-A7A6-4D0C-9D52-92CFD63F70D7}.AppStore|ARM.ActiveCfg = AppStore|iPhone
		{955D89EC-A7A6-4D0C-9D52-92CFD63F70D7}.AppStore|ARM.Build.0 = AppStore|iPhone
		{955D89EC-A7A6-4D0C-9D52-92CFD63F70D7}.AppStore|ARM.Deploy.0 = AppStore|iPhone
		{955D89EC-A7A6-4D0C-9D52-92CFD63F70D7}.AppStore|iPhone.ActiveCfg = AppStore|iPhone
		{955D89EC-A7A6-4D0C-9D52-92CFD63F70D7}.AppStore|iPhone.Build.0 = AppStore|iPhone
		{955D89EC-A7A6-4D0C-9D52-92CFD63F70D7}.AppStore|iPhone.Deploy.0 = AppStore|iPhone
		{955D89EC-A7A6-4D0C-9D52-92CFD63F70D7}.AppStore|iPhoneSimulator.ActiveCfg = AppStore|iPhoneSimulator
		{955D89EC-A7A6-4D0C-9D52-92CFD63F70D7}.AppStore|iPhoneSimulator.Build.0 = AppStore|iPhoneSimulator
		{955D89EC-A7A6-4D0C-9D52-92CFD63F70D7}.AppStore|iPhoneSimulator.Deploy.0 = AppStore|iPhoneSimulator
		{955D89EC-A7A6-4D0C-9D52-92CFD63F70D7}.AppStore|x64.ActiveCfg = AppStore|iPhone
		{955D89EC-A7A6-4D0C-9D52-92CFD63F70D7}.AppStore|x64.Build.0 = AppStore|iPhone
		{955D89EC-A7A6-4D0C-9D52-92CFD63F70D7}.AppStore|x64.Deploy.0 = AppStore|iPhone
		{955D89EC-A7A6-4D0C-9D52-92CFD63F70D7}.AppStore|x86.ActiveCfg = AppStore|iPhone
		{955D89EC-A7A6-4D0C-9D52-92CFD63F70D7}.AppStore|x86.Build.0 = AppStore|iPhone
		{955D89EC-A7A6-4D0C-9D52-92CFD63F70D7}.AppStore|x86.Deploy.0 = AppStore|iPhone
		{955D89EC-A7A6-4D0C-9D52-92CFD63F70D7}.Debug|Any CPU.ActiveCfg = Debug|iPhoneSimulator
		{955D89EC-A7A6-4D0C-9D52-92CFD63F70D7}.Debug|Any CPU.Build.0 = Debug|iPhoneSimulator
		{955D89EC-A7A6-4D0C-9D52-92CFD63F70D7}.Debug|Any CPU.Deploy.0 = Debug|iPhoneSimulator
		{955D89EC-A7A6-4D0C-9D52-92CFD63F70D7}.Debug|ARM.ActiveCfg = Debug|iPhone
		{955D89EC-A7A6-4D0C-9D52-92CFD63F70D7}.Debug|ARM.Build.0 = Debug|iPhone
		{955D89EC-A7A6-4D0C-9D52-92CFD63F70D7}.Debug|ARM.Deploy.0 = Debug|iPhone
		{955D89EC-A7A6-4D0C-9D52-92CFD63F70D7}.Debug|iPhone.ActiveCfg = Debug|iPhone
		{955D89EC-A7A6-4D0C-9D52-92CFD63F70D7}.Debug|iPhone.Build.0 = Debug|iPhone
		{955D89EC-A7A6-4D0C-9D52-92CFD63F70D7}.Debug|iPhone.Deploy.0 = Debug|iPhone
		{955D89EC-A7A6-4D0C-9D52-92CFD63F70D7}.Debug|iPhoneSimulator.ActiveCfg = Debug|iPhoneSimulator
		{955D89EC-A7A6-4D0C-9D52-92CFD63F70D7}.Debug|iPhoneSimulator.Build.0 = Debug|iPhoneSimulator
		{955D89EC-A7A6-4D0C-9D52-92CFD63F70D7}.Debug|iPhoneSimulator.Deploy.0 = Debug|iPhoneSimulator
		{955D89EC-A7A6-4D0C-9D52-92CFD63F70D7}.Debug|x64.ActiveCfg = Debug|iPhone
		{955D89EC-A7A6-4D0C-9D52-92CFD63F70D7}.Debug|x64.Build.0 = Debug|iPhone
		{955D89EC-A7A6-4D0C-9D52-92CFD63F70D7}.Debug|x64.Deploy.0 = Debug|iPhone
		{955D89EC-A7A6-4D0C-9D52-92CFD63F70D7}.Debug|x86.ActiveCfg = Debug|iPhone
		{955D89EC-A7A6-4D0C-9D52-92CFD63F70D7}.Debug|x86.Build.0 = Debug|iPhone
		{955D89EC-A7A6-4D0C-9D52-92CFD63F70D7}.Debug|x86.Deploy.0 = Debug|iPhone
		{955D89EC-A7A6-4D0C-9D52-92CFD63F70D7}.Release|Any CPU.ActiveCfg = Release|iPhone
		{955D89EC-A7A6-4D0C-9D52-92CFD63F70D7}.Release|Any CPU.Build.0 = Release|iPhone
		{955D89EC-A7A6-4D0C-9D52-92CFD63F70D7}.Release|Any CPU.Deploy.0 = Release|iPhone
		{955D89EC-A7A6-4D0C-9D52-92CFD63F70D7}.Release|ARM.ActiveCfg = Release|iPhone
		{955D89EC-A7A6-4D0C-9D52-92CFD63F70D7}.Release|ARM.Build.0 = Release|iPhone
		{955D89EC-A7A6-4D0C-9D52-92CFD63F70D7}.Release|ARM.Deploy.0 = Release|iPhone
		{955D89EC-A7A6-4D0C-9D52-92CFD63F70D7}.Release|iPhone.ActiveCfg = Release|iPhone
		{955D89EC-A7A6-4D0C-9D52-92CFD63F70D7}.Release|iPhone.Build.0 = Release|iPhone
		{955D89EC-A7A6-4D0C-9D52-92CFD63F70D7}.Release|iPhone.Deploy.0 = Release|iPhone
		{955D89EC-A7A6-4D0C-9D52-92CFD63F70D7}.Release|iPhoneSimulator.ActiveCfg = Release|iPhoneSimulator
		{955D89EC-A7A6-4D0C-9D52-92CFD63F70D7}.Release|iPhoneSimulator.Build.0 = Release|iPhoneSimulator
		{955D89EC-A7A6-4D0C-9D52-92CFD63F70D7}.Release|iPhoneSimulator.Deploy.0 = Release|iPhoneSimulator
		{955D89EC-A7A6-4D0C-9D52-92CFD63F70D7}.Release|x64.ActiveCfg = Release|iPhone
		{955D89EC-A7A6-4D0C-9D52-92CFD63F70D7}.Release|x64.Build.0 = Release|iPhone
		{955D89EC-A7A6-4D0C-9D52-92CFD63F70D7}.Release|x64.Deploy.0 = Release|iPhone
		{955D89EC-A7A6-4D0C-9D52-92CFD63F70D7}.Release|x86.ActiveCfg = Release|iPhone
		{955D89EC-A7A6-4D0C-9D52-92CFD63F70D7}.Release|x86.Build.0 = Release|iPhone
		{955D89EC-A7A6-4D0C-9D52-92CFD63F70D7}.Release|x86.Deploy.0 = Release|iPhone
		{DD20CC01-5587-4C2D-8883-476A7878B012}.Ad-Hoc|Any CPU.ActiveCfg = Release|x86
		{DD20CC01-5587-4C2D-8883-476A7878B012}.Ad-Hoc|Any CPU.Build.0 = Release|x86
		{DD20CC01-5587-4C2D-8883-476A7878B012}.Ad-Hoc|Any CPU.Deploy.0 = Release|x86
		{DD20CC01-5587-4C2D-8883-476A7878B012}.Ad-Hoc|ARM.ActiveCfg = Release|ARM
		{DD20CC01-5587-4C2D-8883-476A7878B012}.Ad-Hoc|ARM.Build.0 = Release|ARM
		{DD20CC01-5587-4C2D-8883-476A7878B012}.Ad-Hoc|ARM.Deploy.0 = Release|ARM
		{DD20CC01-5587-4C2D-8883-476A7878B012}.Ad-Hoc|iPhone.ActiveCfg = Release|x86
		{DD20CC01-5587-4C2D-8883-476A7878B012}.Ad-Hoc|iPhone.Build.0 = Release|x86
		{DD20CC01-5587-4C2D-8883-476A7878B012}.Ad-Hoc|iPhone.Deploy.0 = Release|x86
		{DD20CC01-5587-4C2D-8883-476A7878B012}.Ad-Hoc|iPhoneSimulator.ActiveCfg = Release|x86
		{DD20CC01-5587-4C2D-8883-476A7878B012}.Ad-Hoc|iPhoneSimulator.Build.0 = Release|x86
		{DD20CC01-5587-4C2D-8883-476A7878B012}.Ad-Hoc|iPhoneSimulator.Deploy.0 = Release|x86
		{DD20CC01-5587-4C2D-8883-476A7878B012}.Ad-Hoc|x64.ActiveCfg = Release|x64
		{DD20CC01-5587-4C2D-8883-476A7878B012}.Ad-Hoc|x64.Build.0 = Release|x64
		{DD20CC01-5587-4C2D-8883-476A7878B012}.Ad-Hoc|x64.Deploy.0 = Release|x64
		{DD20CC01-5587-4C2D-8883-476A7878B012}.Ad-Hoc|x86.ActiveCfg = Release|x86
		{DD20CC01-5587-4C2D-8883-476A7878B012}.Ad-Hoc|x86.Build.0 = Release|x86
		{DD20CC01-5587-4C2D-8883-476A7878B012}.Ad-Hoc|x86.Deploy.0 = Release|x86
		{DD20CC01-5587-4C2D-8883-476A7878B012}.AppStore|Any CPU.ActiveCfg = Release|x86
		{DD20CC01-5587-4C2D-8883-476A7878B012}.AppStore|Any CPU.Build.0 = Release|x86
		{DD20CC01-5587-4C2D-8883-476A7878B012}.AppStore|Any CPU.Deploy.0 = Release|x86
		{DD20CC01-5587-4C2D-8883-476A7878B012}.AppStore|ARM.ActiveCfg = Release|ARM
		{DD20CC01-5587-4C2D-8883-476A7878B012}.AppStore|ARM.Build.0 = Release|ARM
		{DD20CC01-5587-4C2D-8883-476A7878B012}.AppStore|ARM.Deploy.0 = Release|ARM
		{DD20CC01-5587-4C2D-8883-476A7878B012}.AppStore|iPhone.ActiveCfg = Release|x86
		{DD20CC01-5587-4C2D-8883-476A7878B012}.AppStore|iPhone.Build.0 = Release|x86
		{DD20CC01-5587-4C2D-8883-476A7878B012}.AppStore|iPhone.Deploy.0 = Release|x86
		{DD20CC01-5587-4C2D-8883-476A7878B012}.AppStore|iPhoneSimulator.ActiveCfg = Release|x86
		{DD20CC01-5587-4C2D-8883-476A7878B012}.AppStore|iPhoneSimulator.Build.0 = Release|x86
		{DD20CC01-5587-4C2D-8883-476A7878B012}.AppStore|iPhoneSimulator.Deploy.0 = Release|x86
		{DD20CC01-5587-4C2D-8883-476A7878B012}.AppStore|x64.ActiveCfg = Release|x64
		{DD20CC01-5587-4C2D-8883-476A7878B012}.AppStore|x64.Build.0 = Release|x64
		{DD20CC01-5587-4C2D-8883-476A7878B012}.AppStore|x64.Deploy.0 = Release|x64
		{DD20CC01-5587-4C2D-8883-476A7878B012}.AppStore|x86.ActiveCfg = Release|x86
		{DD20CC01-5587-4C2D-8883-476A7878B012}.AppStore|x86.Build.0 = Release|x86
		{DD20CC01-5587-4C2D-8883-476A7878B012}.AppStore|x86.Deploy.0 = Release|x86
		{DD20CC01-5587-4C2D-8883-476A7878B012}.Debug|Any CPU.ActiveCfg = Debug|x86
		{DD20CC01-5587-4C2D-8883-476A7878B012}.Debug|Any CPU.Build.0 = Debug|x86
		{DD20CC01-5587-4C2D-8883-476A7878B012}.Debug|Any CPU.Deploy.0 = Debug|x86
		{DD20CC01-5587-4C2D-8883-476A7878B012}.Debug|ARM.ActiveCfg = Debug|ARM
		{DD20CC01-5587-4C2D-8883-476A7878B012}.Debug|ARM.Build.0 = Debug|ARM
		{DD20CC01-5587-4C2D-8883-476A7878B012}.Debug|ARM.Deploy.0 = Debug|ARM
		{DD20CC01-5587-4C2D-8883-476A7878B012}.Debug|iPhone.ActiveCfg = Debug|x86
		{DD20CC01-5587-4C2D-8883-476A7878B012}.Debug|iPhone.Build.0 = Debug|x86
		{DD20CC01-5587-4C2D-8883-476A7878B012}.Debug|iPhone.Deploy.0 = Debug|x86
		{DD20CC01-5587-4C2D-8883-476A7878B012}.Debug|iPhoneSimulator.ActiveCfg = Debug|x86
		{DD20CC01-5587-4C2D-8883-476A7878B012}.Debug|iPhoneSimulator.Build.0 = Debug|x86
		{DD20CC01-5587-4C2D-8883-476A7878B012}.Debug|iPhoneSimulator.Deploy.0 = Debug|x86
		{DD20CC01-5587-4C2D-8883-476A7878B012}.Debug|x64.ActiveCfg = Debug|x64
		{DD20CC01-5587-4C2D-8883-476A7878B012}.Debug|x64.Build.0 = Debug|x64
		{DD20CC01-5587-4C2D-8883-476A7878B012}.Debug|x64.Deploy.0 = Debug|x64
		{DD20CC01-5587-4C2D-8883-476A7878B012}.Debug|x86.ActiveCfg = Debug|x86
		{DD20CC01-5587-4C2D-8883-476A7878B012}.Debug|x86.Build.0 = Debug|x86
		{DD20CC01-5587-4C2D-8883-476A7878B012}.Debug|x86.Deploy.0 = Debug|x86
		{DD20CC01-5587-4C2D-8883-476A7878B012}.Release|Any CPU.ActiveCfg = Release|x86
		{DD20CC01-5587-4C2D-8883-476A7878B012}.Release|Any CPU.Build.0 = Release|x86
		{DD20CC01-5587-4C2D-8883-476A7878B012}.Release|Any CPU.Deploy.0 = Release|x86
		{DD20CC01-5587-4C2D-8883-476A7878B012}.Release|ARM.ActiveCfg = Release|ARM
		{DD20CC01-5587-4C2D-8883-476A7878B012}.Release|ARM.Build.0 = Release|ARM
		{DD20CC01-5587-4C2D-8883-476A7878B012}.Release|ARM.Deploy.0 = Release|ARM
		{DD20CC01-5587-4C2D-8883-476A7878B012}.Release|iPhone.ActiveCfg = Release|x86
		{DD20CC01-5587-4C2D-8883-476A7878B012}.Release|iPhone.Build.0 = Release|x86
		{DD20CC01-5587-4C2D-8883-476A7878B012}.Release|iPhone.Deploy.0 = Release|x86
		{DD20CC01-5587-4C2D-8883-476A7878B012}.Release|iPhoneSimulator.ActiveCfg = Release|x86
		{DD20CC01-5587-4C2D-8883-476A7878B012}.Release|iPhoneSimulator.Build.0 = Release|x86
		{DD20CC01-5587-4C2D-8883-476A7878B012}.Release|iPhoneSimulator.Deploy.0 = Release|x86
		{DD20CC01-5587-4C2D-8883-476A7878B012}.Release|x64.ActiveCfg = Release|x64
		{DD20CC01-5587-4C2D-8883-476A7878B012}.Release|x64.Build.0 = Release|x64
		{DD20CC01-5587-4C2D-8883-476A7878B012}.Release|x64.Deploy.0 = Release|x64
		{DD20CC01-5587-4C2D-8883-476A7878B012}.Release|x86.ActiveCfg = Release|x86
		{DD20CC01-5587-4C2D-8883-476A7878B012}.Release|x86.Build.0 = Release|x86
		{DD20CC01-5587-4C2D-8883-476A7878B012}.Release|x86.Deploy.0 = Release|x86
		{51CD20D3-3A3B-469F-B0F8-2B1567A58834}.Ad-Hoc|Any CPU.ActiveCfg = Debug|Any CPU
		{51CD20D3-3A3B-469F-B0F8-2B1567A58834}.Ad-Hoc|Any CPU.Build.0 = Debug|Any CPU
		{51CD20D3-3A3B-469F-B0F8-2B1567A58834}.Ad-Hoc|Any CPU.Deploy.0 = Debug|Any CPU
		{51CD20D3-3A3B-469F-B0F8-2B1567A58834}.Ad-Hoc|ARM.ActiveCfg = Debug|Any CPU
		{51CD20D3-3A3B-469F-B0F8-2B1567A58834}.Ad-Hoc|ARM.Build.0 = Debug|Any CPU
		{51CD20D3-3A3B-469F-B0F8-2B1567A58834}.Ad-Hoc|ARM.Deploy.0 = Debug|Any CPU
		{51CD20D3-3A3B-469F-B0F8-2B1567A58834}.Ad-Hoc|iPhone.ActiveCfg = Debug|Any CPU
		{51CD20D3-3A3B-469F-B0F8-2B1567A58834}.Ad-Hoc|iPhone.Build.0 = Debug|Any CPU
		{51CD20D3-3A3B-469F-B0F8-2B1567A58834}.Ad-Hoc|iPhone.Deploy.0 = Debug|Any CPU
		{51CD20D3-3A3B-469F-B0F8-2B1567A58834}.Ad-Hoc|iPhoneSimulator.ActiveCfg = Debug|Any CPU
		{51CD20D3-3A3B-469F-B0F8-2B1567A58834}.Ad-Hoc|iPhoneSimulator.Build.0 = Debug|Any CPU
		{51CD20D3-3A3B-469F-B0F8-2B1567A58834}.Ad-Hoc|iPhoneSimulator.Deploy.0 = Debug|Any CPU
		{51CD20D3-3A3B-469F-B0F8-2B1567A58834}.Ad-Hoc|x64.ActiveCfg = Debug|Any CPU
		{51CD20D3-3A3B-469F-B0F8-2B1567A58834}.Ad-Hoc|x64.Build.0 = Debug|Any CPU
		{51CD20D3-3A3B-469F-B0F8-2B1567A58834}.Ad-Hoc|x64.Deploy.0 = Debug|Any CPU
		{51CD20D3-3A3B-469F-B0F8-2B1567A58834}.Ad-Hoc|x86.ActiveCfg = Debug|Any CPU
		{51CD20D3-3A3B-469F-B0F8-2B1567A58834}.Ad-Hoc|x86.Build.0 = Debug|Any CPU
		{51CD20D3-3A3B-469F-B0F8-2B1567A58834}.Ad-Hoc|x86.Deploy.0 = Debug|Any CPU
		{51CD20D3-3A3B-469F-B0F8-2B1567A58834}.AppStore|Any CPU.ActiveCfg = Debug|Any CPU
		{51CD20D3-3A3B-469F-B0F8-2B1567A58834}.AppStore|Any CPU.Build.0 = Debug|Any CPU
		{51CD20D3-3A3B-469F-B0F8-2B1567A58834}.AppStore|Any CPU.Deploy.0 = Debug|Any CPU
		{51CD20D3-3A3B-469F-B0F8-2B1567A58834}.AppStore|ARM.ActiveCfg = Debug|Any CPU
		{51CD20D3-3A3B-469F-B0F8-2B1567A58834}.AppStore|ARM.Build.0 = Debug|Any CPU
		{51CD20D3-3A3B-469F-B0F8-2B1567A58834}.AppStore|ARM.Deploy.0 = Debug|Any CPU
		{51CD20D3-3A3B-469F-B0F8-2B1567A58834}.AppStore|iPhone.ActiveCfg = Debug|Any CPU
		{51CD20D3-3A3B-469F-B0F8-2B1567A58834}.AppStore|iPhone.Build.0 = Debug|Any CPU
		{51CD20D3-3A3B-469F-B0F8-2B1567A58834}.AppStore|iPhone.Deploy.0 = Debug|Any CPU
		{51CD20D3-3A3B-469F-B0F8-2B1567A58834}.AppStore|iPhoneSimulator.ActiveCfg = Debug|Any CPU
		{51CD20D3-3A3B-469F-B0F8-2B1567A58834}.AppStore|iPhoneSimulator.Build.0 = Debug|Any CPU
		{51CD20D3-3A3B-469F-B0F8-2B1567A58834}.AppStore|iPhoneSimulator.Deploy.0 = Debug|Any CPU
		{51CD20D3-3A3B-469F-B0F8-2B1567A58834}.AppStore|x64.ActiveCfg = Debug|Any CPU
		{51CD20D3-3A3B-469F-B0F8-2B1567A58834}.AppStore|x64.Build.0 = Debug|Any CPU
		{51CD20D3-3A3B-469F-B0F8-2B1567A58834}.AppStore|x64.Deploy.0 = Debug|Any CPU
		{51CD20D3-3A3B-469F-B0F8-2B1567A58834}.AppStore|x86.ActiveCfg = Debug|Any CPU
		{51CD20D3-3A3B-469F-B0F8-2B1567A58834}.AppStore|x86.Build.0 = Debug|Any CPU
		{51CD20D3-3A3B-469F-B0F8-2B1567A58834}.AppStore|x86.Deploy.0 = Debug|Any CPU
		{51CD20D3-3A3B-469F-B0F8-2B1567A58834}.Debug|Any CPU.ActiveCfg = Debug|Any CPU
		{51CD20D3-3A3B-469F-B0F8-2B1567A58834}.Debug|Any CPU.Build.0 = Debug|Any CPU
		{51CD20D3-3A3B-469F-B0F8-2B1567A58834}.Debug|Any CPU.Deploy.0 = Debug|Any CPU
		{51CD20D3-3A3B-469F-B0F8-2B1567A58834}.Debug|ARM.ActiveCfg = Debug|Any CPU
		{51CD20D3-3A3B-469F-B0F8-2B1567A58834}.Debug|ARM.Build.0 = Debug|Any CPU
		{51CD20D3-3A3B-469F-B0F8-2B1567A58834}.Debug|ARM.Deploy.0 = Debug|Any CPU
		{51CD20D3-3A3B-469F-B0F8-2B1567A58834}.Debug|iPhone.ActiveCfg = Debug|Any CPU
		{51CD20D3-3A3B-469F-B0F8-2B1567A58834}.Debug|iPhone.Build.0 = Debug|Any CPU
		{51CD20D3-3A3B-469F-B0F8-2B1567A58834}.Debug|iPhone.Deploy.0 = Debug|Any CPU
		{51CD20D3-3A3B-469F-B0F8-2B1567A58834}.Debug|iPhoneSimulator.ActiveCfg = Debug|Any CPU
		{51CD20D3-3A3B-469F-B0F8-2B1567A58834}.Debug|iPhoneSimulator.Build.0 = Debug|Any CPU
		{51CD20D3-3A3B-469F-B0F8-2B1567A58834}.Debug|iPhoneSimulator.Deploy.0 = Debug|Any CPU
		{51CD20D3-3A3B-469F-B0F8-2B1567A58834}.Debug|x64.ActiveCfg = Debug|Any CPU
		{51CD20D3-3A3B-469F-B0F8-2B1567A58834}.Debug|x64.Build.0 = Debug|Any CPU
		{51CD20D3-3A3B-469F-B0F8-2B1567A58834}.Debug|x64.Deploy.0 = Debug|Any CPU
		{51CD20D3-3A3B-469F-B0F8-2B1567A58834}.Debug|x86.ActiveCfg = Debug|Any CPU
		{51CD20D3-3A3B-469F-B0F8-2B1567A58834}.Debug|x86.Build.0 = Debug|Any CPU
		{51CD20D3-3A3B-469F-B0F8-2B1567A58834}.Debug|x86.Deploy.0 = Debug|Any CPU
		{51CD20D3-3A3B-469F-B0F8-2B1567A58834}.Release|Any CPU.ActiveCfg = Release|Any CPU
		{51CD20D3-3A3B-469F-B0F8-2B1567A58834}.Release|Any CPU.Build.0 = Release|Any CPU
		{51CD20D3-3A3B-469F-B0F8-2B1567A58834}.Release|Any CPU.Deploy.0 = Release|Any CPU
		{51CD20D3-3A3B-469F-B0F8-2B1567A58834}.Release|ARM.ActiveCfg = Release|Any CPU
		{51CD20D3-3A3B-469F-B0F8-2B1567A58834}.Release|ARM.Build.0 = Release|Any CPU
		{51CD20D3-3A3B-469F-B0F8-2B1567A58834}.Release|ARM.Deploy.0 = Release|Any CPU
		{51CD20D3-3A3B-469F-B0F8-2B1567A58834}.Release|iPhone.ActiveCfg = Release|Any CPU
		{51CD20D3-3A3B-469F-B0F8-2B1567A58834}.Release|iPhone.Build.0 = Release|Any CPU
		{51CD20D3-3A3B-469F-B0F8-2B1567A58834}.Release|iPhone.Deploy.0 = Release|Any CPU
		{51CD20D3-3A3B-469F-B0F8-2B1567A58834}.Release|iPhoneSimulator.ActiveCfg = Release|Any CPU
		{51CD20D3-3A3B-469F-B0F8-2B1567A58834}.Release|iPhoneSimulator.Build.0 = Release|Any CPU
		{51CD20D3-3A3B-469F-B0F8-2B1567A58834}.Release|iPhoneSimulator.Deploy.0 = Release|Any CPU
		{51CD20D3-3A3B-469F-B0F8-2B1567A58834}.Release|x64.ActiveCfg = Release|Any CPU
		{51CD20D3-3A3B-469F-B0F8-2B1567A58834}.Release|x64.Build.0 = Release|Any CPU
		{51CD20D3-3A3B-469F-B0F8-2B1567A58834}.Release|x64.Deploy.0 = Release|Any CPU
		{51CD20D3-3A3B-469F-B0F8-2B1567A58834}.Release|x86.ActiveCfg = Release|Any CPU
		{51CD20D3-3A3B-469F-B0F8-2B1567A58834}.Release|x86.Build.0 = Release|Any CPU
		{51CD20D3-3A3B-469F-B0F8-2B1567A58834}.Release|x86.Deploy.0 = Release|Any CPU
	EndGlobalSection
	GlobalSection(SolutionProperties) = preSolution
		HideSolutionNode = FALSE
	EndGlobalSection
	GlobalSection(ExtensibilityGlobals) = postSolution
		SolutionGuid = {AC543662-E2B1-4903-BF4E-12CA6AC94365}
	EndGlobalSection
EndGlobal
